
Microsoft Visual Studio Solution File, Format Version 12.00
# Visual Studio Version 17
VisualStudioVersion = 17.2.32630.192
MinimumVisualStudioVersion = 10.0.40219.1
Project("{9A19103F-16F7-4668-BE54-9A1E7A4F7556}") = "cmpg323_project", "cmpg323_project.csproj", "{BBE26010-1340-4C8C-9908-64A9F687C2B4}"
EndProject
Global
	GlobalSection(SolutionConfigurationPlatforms) = preSolution
		Debug|Any CPU = Debug|Any CPU
		Release|Any CPU = Release|Any CPU
	EndGlobalSection
	GlobalSection(ProjectConfigurationPlatforms) = postSolution
		{BBE26010-1340-4C8C-9908-64A9F687C2B4}.Debug|Any CPU.ActiveCfg = Debug|Any CPU
		{BBE26010-1340-4C8C-9908-64A9F687C2B4}.Debug|Any CPU.Build.0 = Debug|Any CPU
		{BBE26010-1340-4C8C-9908-64A9F687C2B4}.Release|Any CPU.ActiveCfg = Release|Any CPU
		{BBE26010-1340-4C8C-9908-64A9F687C2B4}.Release|Any CPU.Build.0 = Release|Any CPU
	EndGlobalSection
	GlobalSection(SolutionProperties) = preSolution
		HideSolutionNode = FALSE
	EndGlobalSection
	GlobalSection(ExtensibilityGlobals) = postSolution
		SolutionGuid = {06231CC4-B9A4-4491-9438-BE53987379F9}
	EndGlobalSection
EndGlobal
